
Microsoft Visual Studio Solution File, Format Version 12.00
# Visual Studio 15
VisualStudioVersion = 15.0.27428.2037
MinimumVisualStudioVersion = 10.0.40219.1
Project("{8BC9CEB8-8B4A-11D0-8D11-00A0C91BC942}") = "Y86_64VM", "Y86_64\Y86_64.vcxproj", "{BD31A3BD-A396-49BB-9E4C-DBD2F7553B5D}"
EndProject
Project("{8BC9CEB8-8B4A-11D0-8D11-00A0C91BC942}") = "Y86_64_ASM", "Y86_64_ASM\Y86_64_ASM.vcxproj", "{28BA6508-D1B9-4DBA-9A1A-31BF083381D9}"
EndProject
Project("{8BC9CEB8-8B4A-11D0-8D11-00A0C91BC942}") = "Y86_64_DASM", "Y86_64_DASM\Y86_64_DASM.vcxproj", "{032700E2-F692-4579-A58C-D7EB7858D43D}"
EndProject
Project("{8BC9CEB8-8B4A-11D0-8D11-00A0C91BC942}") = "Y86_64_Linker", "Y86_64_Linker\Y86_64_Linker.vcxproj", "{0BE4D49F-F155-47BB-AFDD-03E25586F2F5}"
EndProject
Global
	GlobalSection(SolutionConfigurationPlatforms) = preSolution
		Debug|x64 = Debug|x64
		Debug|x86 = Debug|x86
		Release|x64 = Release|x64
		Release|x86 = Release|x86
	EndGlobalSection
	GlobalSection(ProjectConfigurationPlatforms) = postSolution
		{BD31A3BD-A396-49BB-9E4C-DBD2F7553B5D}.Debug|x64.ActiveCfg = Debug|x64
		{BD31A3BD-A396-49BB-9E4C-DBD2F7553B5D}.Debug|x64.Build.0 = Debug|x64
		{BD31A3BD-A396-49BB-9E4C-DBD2F7553B5D}.Debug|x86.ActiveCfg = Debug|Win32
		{BD31A3BD-A396-49BB-9E4C-DBD2F7553B5D}.Debug|x86.Build.0 = Debug|Win32
		{BD31A3BD-A396-49BB-9E4C-DBD2F7553B5D}.Release|x64.ActiveCfg = Release|x64
		{BD31A3BD-A396-49BB-9E4C-DBD2F7553B5D}.Release|x64.Build.0 = Release|x64
		{BD31A3BD-A396-49BB-9E4C-DBD2F7553B5D}.Release|x86.ActiveCfg = Release|Win32
		{BD31A3BD-A396-49BB-9E4C-DBD2F7553B5D}.Release|x86.Build.0 = Release|Win32
		{28BA6508-D1B9-4DBA-9A1A-31BF083381D9}.Debug|x64.ActiveCfg = Debug|x64
		{28BA6508-D1B9-4DBA-9A1A-31BF083381D9}.Debug|x64.Build.0 = Debug|x64
		{28BA6508-D1B9-4DBA-9A1A-31BF083381D9}.Debug|x86.ActiveCfg = Debug|Win32
		{28BA6508-D1B9-4DBA-9A1A-31BF083381D9}.Debug|x86.Build.0 = Debug|Win32
		{28BA6508-D1B9-4DBA-9A1A-31BF083381D9}.Release|x64.ActiveCfg = Release|x64
		{28BA6508-D1B9-4DBA-9A1A-31BF083381D9}.Release|x64.Build.0 = Release|x64
		{28BA6508-D1B9-4DBA-9A1A-31BF083381D9}.Release|x86.ActiveCfg = Release|Win32
		{28BA6508-D1B9-4DBA-9A1A-31BF083381D9}.Release|x86.Build.0 = Release|Win32
		{032700E2-F692-4579-A58C-D7EB7858D43D}.Debug|x64.ActiveCfg = Debug|x64
		{032700E2-F692-4579-A58C-D7EB7858D43D}.Debug|x64.Build.0 = Debug|x64
		{032700E2-F692-4579-A58C-D7EB7858D43D}.Debug|x86.ActiveCfg = Debug|Win32
		{032700E2-F692-4579-A58C-D7EB7858D43D}.Debug|x86.Build.0 = Debug|Win32
		{032700E2-F692-4579-A58C-D7EB7858D43D}.Release|x64.ActiveCfg = Release|x64
		{032700E2-F692-4579-A58C-D7EB7858D43D}.Release|x64.Build.0 = Release|x64
		{032700E2-F692-4579-A58C-D7EB7858D43D}.Release|x86.ActiveCfg = Release|Win32
		{032700E2-F692-4579-A58C-D7EB7858D43D}.Release|x86.Build.0 = Release|Win32
		{0BE4D49F-F155-47BB-AFDD-03E25586F2F5}.Debug|x64.ActiveCfg = Debug|x64
		{0BE4D49F-F155-47BB-AFDD-03E25586F2F5}.Debug|x64.Build.0 = Debug|x64
		{0BE4D49F-F155-47BB-AFDD-03E25586F2F5}.Debug|x86.ActiveCfg = Debug|Win32
		{0BE4D49F-F155-47BB-AFDD-03E25586F2F5}.Debug|x86.Build.0 = Debug|Win32
		{0BE4D49F-F155-47BB-AFDD-03E25586F2F5}.Release|x64.ActiveCfg = Release|x64
		{0BE4D49F-F155-47BB-AFDD-03E25586F2F5}.Release|x64.Build.0 = Release|x64
		{0BE4D49F-F155-47BB-AFDD-03E25586F2F5}.Release|x86.ActiveCfg = Release|Win32
		{0BE4D49F-F155-47BB-AFDD-03E25586F2F5}.Release|x86.Build.0 = Release|Win32
	EndGlobalSection
	GlobalSection(SolutionProperties) = preSolution
		HideSolutionNode = FALSE
	EndGlobalSection
	GlobalSection(ExtensibilityGlobals) = postSolution
		SolutionGuid = {15ACB524-76A9-40CA-920D-E8A34A6D7F2C}
	EndGlobalSection
EndGlobal
